
Microsoft Visual Studio Solution File, Format Version 12.00
# Visual Studio Version 17
VisualStudioVersion = 17.11.35327.3
MinimumVisualStudioVersion = 10.0.40219.1
Project("{FAE04EC0-301F-11D3-BF4B-00C04F79EFBC}") = "가족오락관_서버", "가족오락관_서버\가족오락관_서버.csproj", "{64F9B7F0-1C92-4223-BD02-D628BBA7AF1A}"
EndProject
Global
	GlobalSection(SolutionConfigurationPlatforms) = preSolution
		Debug|Any CPU = Debug|Any CPU
		Release|Any CPU = Release|Any CPU
	EndGlobalSection
	GlobalSection(ProjectConfigurationPlatforms) = postSolution
		{64F9B7F0-1C92-4223-BD02-D628BBA7AF1A}.Debug|Any CPU.ActiveCfg = Debug|Any CPU
		{64F9B7F0-1C92-4223-BD02-D628BBA7AF1A}.Debug|Any CPU.Build.0 = Debug|Any CPU
		{64F9B7F0-1C92-4223-BD02-D628BBA7AF1A}.Release|Any CPU.ActiveCfg = Release|Any CPU
		{64F9B7F0-1C92-4223-BD02-D628BBA7AF1A}.Release|Any CPU.Build.0 = Release|Any CPU
	EndGlobalSection
	GlobalSection(SolutionProperties) = preSolution
		HideSolutionNode = FALSE
	EndGlobalSection
	GlobalSection(ExtensibilityGlobals) = postSolution
		SolutionGuid = {6589C5FF-B2A1-4DD7-B407-D9E89DE0F91A}
	EndGlobalSection
EndGlobal
